Microsoft Visual Studio Solution File, Format Version 12.00
# Visual Studio Version 16
VisualStudioVersion = 16.0.30011.22
MinimumVisualStudioVersion = 10.0.40219.1
Project("{8BC9CEB8-8B4A-11D0-8D11-00A0C91BC942}") = "filesymbols", "filesymbols\filesymbols.vcxproj", "{EA3BCD75-7B37-40D6-959A-93F52425315D}"
EndProject
Project("{8BC9CEB8-8B4A-11D0-8D11-00A0C91BC942}") = "include", "include\include.vcxproj", "{56860C3B-866D-4AEB-A7A2-3F37B0FC9A31}"
EndProject
Project("{8BC9CEB8-8B4A-11D0-8D11-00A0C91BC942}") = "misc", "misc\misc.vcxproj", "{4428EDDC-6D10-4F0A-9F3C-7E34EFEE0A11}"
EndProject
Project("{8BC9CEB8-8B4A-11D0-8D11-00A0C91BC942}") = "miscwin", "miscwin\miscwin.vcxproj", "{9C793CF1-986E-46FA-93D8-E0243982CB41}"
EndProject
Project("{8BC9CEB8-8B4A-11D0-8D11-00A0C91BC942}") = "plugin", "plugin\plugin.vcxproj", "{C2840461-55C7-4436-875D-F66435CB88A3}"
EndProject
Project("{8BC9CEB8-8B4A-11D0-8D11-00A0C91BC942}") = "symbols", "symbols\symbols.vcxproj", "{E5EC4E21-2C9E-40E5-B5F9-08F23234E825}"
EndProject
Project("{8BC9CEB8-8B4A-11D0-8D11-00A0C91BC942}") = "yloaderconsole", "yloaderconsole\yloaderconsole.vcxproj", "{DE51113D-4633-411E-B21C-9996A5848880}"
EndProject
Project("{8BC9CEB8-8B4A-11D0-8D11-00A0C91BC942}") = "yahooplugin", "yahooplugin\yahooplugin.vcxproj", "{B69B5F45-DE3D-445E-BE90-701A59626871}"
EndProject
Project("{8BC9CEB8-8B4A-11D0-8D11-00A0C91BC942}") = "dspluginhelper", "dspluginhelper\dspluginhelper.vcxproj", "{1803644B-83F5-4DBC-A140-29EA44B92D6A}"
EndProject
Project("{8BC9CEB8-8B4A-11D0-8D11-00A0C91BC942}") = "core", "core\core.vcxproj", "{4D7C9A81-2E6E-4AFC-8A41-B0DB7CDC2A93}"
EndProject
Project("{8BC9CEB8-8B4A-11D0-8D11-00A0C91BC942}") = "cmdline", "cmdline\cmdline.vcxproj", "{7836E55F-584B-404D-9748-3FC99609EB5B}"
EndProject
Project("{8BC9CEB8-8B4A-11D0-8D11-00A0C91BC942}") = "yloader", "yloader\yloader.vcxproj", "{5E0D9CAF-92A7-4DB8-BDEA-75B312C64AB7}"
	ProjectSection(ProjectDependencies) = postProject
		{B69B5F45-DE3D-445E-BE90-701A59626871} = {B69B5F45-DE3D-445E-BE90-701A59626871}
		{1803644B-83F5-4DBC-A140-29EA44B92D6A} = {1803644B-83F5-4DBC-A140-29EA44B92D6A}
		{7836E55F-584B-404D-9748-3FC99609EB5B} = {7836E55F-584B-404D-9748-3FC99609EB5B}
		{C2840461-55C7-4436-875D-F66435CB88A3} = {C2840461-55C7-4436-875D-F66435CB88A3}
		{EA3BCD75-7B37-40D6-959A-93F52425315D} = {EA3BCD75-7B37-40D6-959A-93F52425315D}
		{4D7C9A81-2E6E-4AFC-8A41-B0DB7CDC2A93} = {4D7C9A81-2E6E-4AFC-8A41-B0DB7CDC2A93}
		{4428EDDC-6D10-4F0A-9F3C-7E34EFEE0A11} = {4428EDDC-6D10-4F0A-9F3C-7E34EFEE0A11}
		{9C793CF1-986E-46FA-93D8-E0243982CB41} = {9C793CF1-986E-46FA-93D8-E0243982CB41}
	EndProjectSection
EndProject
Project("{8BC9CEB8-8B4A-11D0-8D11-00A0C91BC942}") = "updater", "updater\updater.vcxproj", "{1721770C-82F2-472F-8E55-E338A8A74C45}"
EndProject
Project("{2150E333-8FDC-42A3-9474-1A3956D46DE8}") = "doc", "doc", "{CC025A0D-F1D1-4E9D-B77D-4E0C055CA612}"
	ProjectSection(SolutionItems) = preProject
		doc\api.htm = doc\api.htm
		doc\cmdline.htm = doc\cmdline.htm
		doc\datafileformat.htm = doc\datafileformat.htm
		doc\footer.htm = doc\footer.htm
		doc\index.txt = doc\index.txt
		doc\installation.htm = doc\installation.htm
		doc\installation.txt = doc\installation.txt
		doc\introduction.htm = doc\introduction.htm
		doc\knownissues.htm = doc\knownissues.htm
		doc\log.htm = doc\log.htm
		doc\mainwindow.htm = doc\mainwindow.htm
		doc\options.htm = doc\options.htm
		doc\pluginapi.htm = doc\pluginapi.htm
		doc\quickstart.htm = doc\quickstart.htm
		doc\regexformatting.htm = doc\regexformatting.htm
		doc\styles.css = doc\styles.css
		doc\symbols.htm = doc\symbols.htm
		doc\symbolsfileformat.htm = doc\symbolsfileformat.htm
		doc\whatsnew.htm = doc\whatsnew.htm
		doc\ydoc.cfg = doc\ydoc.cfg
	EndProjectSection
EndProject
Project("{2150E333-8FDC-42A3-9474-1A3956D46DE8}") = "images", "images", "{48210AB9-DE7D-47AB-BCD8-766938E5B775}"
	ProjectSection(SolutionItems) = preProject
		doc\images\aboutbtn.png = doc\images\aboutbtn.png
		doc\images\allfilesbtn.png = doc\images\allfilesbtn.png
		doc\images\cancelbtn.png = doc\images\cancelbtn.png
		doc\images\datapathbtn.png = doc\images\datapathbtn.png
		doc\images\editsymbols.png = doc\images\editsymbols.png
		doc\images\exploreoutfolderbtn.png = doc\images\exploreoutfolderbtn.png
		doc\images\filemenu.png = doc\images\filemenu.png
		doc\images\formattingsettings.png = doc\images\formattingsettings.png
		doc\images\generalsettings.png = doc\images\generalsettings.png
		doc\images\helpbtn.png = doc\images\helpbtn.png
		doc\images\helpmenu.png = doc\images\helpmenu.png
		doc\images\loggingsettings.png = doc\images\loggingsettings.png
		doc\images\loggingsettings.png.gif = doc\images\loggingsettings.png.gif
		doc\images\main.png = doc\images\main.png
		doc\images\main1024-768.jpg = doc\images\main1024-768.jpg
		doc\images\mainpart.png = doc\images\mainpart.png
		doc\images\options.png = doc\images\options.png
		doc\images\outputbutton.png = doc\images\outputbutton.png
		doc\images\outputfilebtn.png = doc\images\outputfilebtn.png
		doc\images\outputsettings.png = doc\images\outputsettings.png
		doc\images\pluginsettings.png = doc\images\pluginsettings.png
		doc\images\refreshbtn.png = doc\images\refreshbtn.png
		doc\images\settingsbtn.png = doc\images\settingsbtn.png
		doc\images\settingsdlg.png = doc\images\settingsdlg.png
		doc\images\startbtn.png = doc\images\startbtn.png
		doc\images\symbolsbutton.png = doc\images\symbolsbutton.png
		doc\images\symbolslistssettings.png = doc\images\symbolslistssettings.png
		doc\images\toolbar.png = doc\images\toolbar.png
		doc\images\validationsettings.png = doc\images\validationsettings.png
		doc\images\viewoutputfilebtn.png = doc\images\viewoutputfilebtn.png
	EndProjectSection
EndProject
Project("{2150E333-8FDC-42A3-9474-1A3956D46DE8}") = "mainwindow", "mainwindow", "{49F9AEDE-0564-4C02-BC12-C50C03953D3E}"
	ProjectSection(SolutionItems) = preProject
		doc\mainwindow\filemenu1.htm = doc\mainwindow\filemenu1.htm
		doc\mainwindow\filemenu2.htm = doc\mainwindow\filemenu2.htm
		doc\mainwindow\helpmenu1.htm = doc\mainwindow\helpmenu1.htm
		doc\mainwindow\helpmenu2.htm = doc\mainwindow\helpmenu2.htm
		doc\mainwindow\mainpart1.htm = doc\mainwindow\mainpart1.htm
		doc\mainwindow\mainpart2.htm = doc\mainwindow\mainpart2.htm
		doc\mainwindow\regmanmenu1.htm = doc\mainwindow\regmanmenu1.htm
		doc\mainwindow\regmanmenu2.htm = doc\mainwindow\regmanmenu2.htm
		doc\mainwindow\toolbar1.htm = doc\mainwindow\toolbar1.htm
		doc\mainwindow\toolbar2.htm = doc\mainwindow\toolbar2.htm
	EndProjectSection
EndProject
Project("{2150E333-8FDC-42A3-9474-1A3956D46DE8}") = "settings", "settings", "{6A730DDF-C7DC-462E-831B-08E2EA3D07D3}"
	ProjectSection(SolutionItems) = preProject
		doc\settings\formattingsettings.htm = doc\settings\formattingsettings.htm
		doc\settings\generalsettings.htm = doc\settings\generalsettings.htm
		doc\settings\loggingsettings.htm = doc\settings\loggingsettings.htm
		doc\settings\outputsettings.htm = doc\settings\outputsettings.htm
		doc\settings\pluginsettings.htm = doc\settings\pluginsettings.htm
		doc\settings\settingsdlg.htm = doc\settings\settingsdlg.htm
		doc\settings\symbolssettings.htm = doc\settings\symbolssettings.htm
		doc\settings\validationsettings.htm = doc\settings\validationsettings.htm
	EndProjectSection
EndProject
Project("{2150E333-8FDC-42A3-9474-1A3956D46DE8}") = "installer", "installer", "{EDF98140-A460-4D76-8CF3-341A48445389}"
	ProjectSection(SolutionItems) = preProject
		installer\license.txt = installer\license.txt
		installer\yloader.nsi = installer\yloader.nsi
	EndProjectSection
EndProject
Project("{2150E333-8FDC-42A3-9474-1A3956D46DE8}") = "Solution Items", "Solution Items", "{D03E16D8-DCED-4DF7-BF2D-7D300D3AB4FE}"
	ProjectSection(SolutionItems) = preProject
		..\bootstrap.bat = ..\bootstrap.bat
		licenses.txt = licenses.txt
		README.md = README.md
	EndProjectSection
EndProject
Project("{8BC9CEB8-8B4A-11D0-8D11-00A0C91BC942}") = "tests", "tests\tests.vcxproj", "{3EDBF8E3-D0E5-405C-848E-5DB48227FF52}"
EndProject
Global
	GlobalSection(SolutionConfigurationPlatforms) = preSolution
		Debug|Win32 = Debug|Win32
		Debug|x64 = Debug|x64
		Release|Win32 = Release|Win32
		Release|x64 = Release|x64
	EndGlobalSection
	GlobalSection(ProjectConfigurationPlatforms) = postSolution
		{EA3BCD75-7B37-40D6-959A-93F52425315D}.Debug|Win32.ActiveCfg = Debug|Win32
		{EA3BCD75-7B37-40D6-959A-93F52425315D}.Debug|Win32.Build.0 = Debug|Win32
		{EA3BCD75-7B37-40D6-959A-93F52425315D}.Debug|x64.ActiveCfg = Debug|x64
		{EA3BCD75-7B37-40D6-959A-93F52425315D}.Debug|x64.Build.0 = Debug|x64
		{EA3BCD75-7B37-40D6-959A-93F52425315D}.Release|Win32.ActiveCfg = Release|Win32
		{EA3BCD75-7B37-40D6-959A-93F52425315D}.Release|Win32.Build.0 = Release|Win32
		{EA3BCD75-7B37-40D6-959A-93F52425315D}.Release|x64.ActiveCfg = Release|x64
		{EA3BCD75-7B37-40D6-959A-93F52425315D}.Release|x64.Build.0 = Release|x64
		{56860C3B-866D-4AEB-A7A2-3F37B0FC9A31}.Debug|Win32.ActiveCfg = Debug|Win32
		{56860C3B-866D-4AEB-A7A2-3F37B0FC9A31}.Debug|x64.ActiveCfg = Debug|x64
		{56860C3B-866D-4AEB-A7A2-3F37B0FC9A31}.Release|Win32.ActiveCfg = Release|Win32
		{56860C3B-866D-4AEB-A7A2-3F37B0FC9A31}.Release|x64.ActiveCfg = Release|x64
		{4428EDDC-6D10-4F0A-9F3C-7E34EFEE0A11}.Debug|Win32.ActiveCfg = Debug|Win32
		{4428EDDC-6D10-4F0A-9F3C-7E34EFEE0A11}.Debug|Win32.Build.0 = Debug|Win32
		{4428EDDC-6D10-4F0A-9F3C-7E34EFEE0A11}.Debug|x64.ActiveCfg = Debug|x64
		{4428EDDC-6D10-4F0A-9F3C-7E34EFEE0A11}.Debug|x64.Build.0 = Debug|x64
		{4428EDDC-6D10-4F0A-9F3C-7E34EFEE0A11}.Release|Win32.ActiveCfg = Release|Win32
		{4428EDDC-6D10-4F0A-9F3C-7E34EFEE0A11}.Release|Win32.Build.0 = Release|Win32
		{4428EDDC-6D10-4F0A-9F3C-7E34EFEE0A11}.Release|x64.ActiveCfg = Release|x64
		{4428EDDC-6D10-4F0A-9F3C-7E34EFEE0A11}.Release|x64.Build.0 = Release|x64
		{9C793CF1-986E-46FA-93D8-E0243982CB41}.Debug|Win32.ActiveCfg = Debug|Win32
		{9C793CF1-986E-46FA-93D8-E0243982CB41}.Debug|Win32.Build.0 = Debug|Win32
		{9C793CF1-986E-46FA-93D8-E0243982CB41}.Debug|x64.ActiveCfg = Debug|x64
		{9C793CF1-986E-46FA-93D8-E0243982CB41}.Debug|x64.Build.0 = Debug|x64
		{9C793CF1-986E-46FA-93D8-E0243982CB41}.Release|Win32.ActiveCfg = Release|Win32
		{9C793CF1-986E-46FA-93D8-E0243982CB41}.Release|Win32.Build.0 = Release|Win32
		{9C793CF1-986E-46FA-93D8-E0243982CB41}.Release|x64.ActiveCfg = Release|x64
		{9C793CF1-986E-46FA-93D8-E0243982CB41}.Release|x64.Build.0 = Release|x64
		{C2840461-55C7-4436-875D-F66435CB88A3}.Debug|Win32.ActiveCfg = Debug|Win32
		{C2840461-55C7-4436-875D-F66435CB88A3}.Debug|Win32.Build.0 = Debug|Win32
		{C2840461-55C7-4436-875D-F66435CB88A3}.Debug|x64.ActiveCfg = Debug|x64
		{C2840461-55C7-4436-875D-F66435CB88A3}.Debug|x64.Build.0 = Debug|x64
		{C2840461-55C7-4436-875D-F66435CB88A3}.Release|Win32.ActiveCfg = Release|Win32
		{C2840461-55C7-4436-875D-F66435CB88A3}.Release|Win32.Build.0 = Release|Win32
		{C2840461-55C7-4436-875D-F66435CB88A3}.Release|x64.ActiveCfg = Release|x64
		{C2840461-55C7-4436-875D-F66435CB88A3}.Release|x64.Build.0 = Release|x64
		{E5EC4E21-2C9E-40E5-B5F9-08F23234E825}.Debug|Win32.ActiveCfg = Debug|Win32
		{E5EC4E21-2C9E-40E5-B5F9-08F23234E825}.Debug|Win32.Build.0 = Debug|Win32
		{E5EC4E21-2C9E-40E5-B5F9-08F23234E825}.Debug|x64.ActiveCfg = Debug|x64
		{E5EC4E21-2C9E-40E5-B5F9-08F23234E825}.Debug|x64.Build.0 = Debug|x64
		{E5EC4E21-2C9E-40E5-B5F9-08F23234E825}.Release|Win32.ActiveCfg = Release|Win32
		{E5EC4E21-2C9E-40E5-B5F9-08F23234E825}.Release|Win32.Build.0 = Release|Win32
		{E5EC4E21-2C9E-40E5-B5F9-08F23234E825}.Release|x64.ActiveCfg = Release|x64
		{E5EC4E21-2C9E-40E5-B5F9-08F23234E825}.Release|x64.Build.0 = Release|x64
		{DE51113D-4633-411E-B21C-9996A5848880}.Debug|Win32.ActiveCfg = Debug|Win32
		{DE51113D-4633-411E-B21C-9996A5848880}.Debug|Win32.Build.0 = Debug|Win32
		{DE51113D-4633-411E-B21C-9996A5848880}.Debug|x64.ActiveCfg = Debug|x64
		{DE51113D-4633-411E-B21C-9996A5848880}.Debug|x64.Build.0 = Debug|x64
		{DE51113D-4633-411E-B21C-9996A5848880}.Release|Win32.ActiveCfg = Release|Win32
		{DE51113D-4633-411E-B21C-9996A5848880}.Release|Win32.Build.0 = Release|Win32
		{DE51113D-4633-411E-B21C-9996A5848880}.Release|x64.ActiveCfg = Release|x64
		{DE51113D-4633-411E-B21C-9996A5848880}.Release|x64.Build.0 = Release|x64
		{B69B5F45-DE3D-445E-BE90-701A59626871}.Debug|Win32.ActiveCfg = Debug|Win32
		{B69B5F45-DE3D-445E-BE90-701A59626871}.Debug|Win32.Build.0 = Debug|Win32
		{B69B5F45-DE3D-445E-BE90-701A59626871}.Debug|x64.ActiveCfg = Debug|x64
		{B69B5F45-DE3D-445E-BE90-701A59626871}.Debug|x64.Build.0 = Debug|x64
		{B69B5F45-DE3D-445E-BE90-701A59626871}.Release|Win32.ActiveCfg = Release|Win32
		{B69B5F45-DE3D-445E-BE90-701A59626871}.Release|Win32.Build.0 = Release|Win32
		{B69B5F45-DE3D-445E-BE90-701A59626871}.Release|x64.ActiveCfg = Release|x64
		{B69B5F45-DE3D-445E-BE90-701A59626871}.Release|x64.Build.0 = Release|x64
		{1803644B-83F5-4DBC-A140-29EA44B92D6A}.Debug|Win32.ActiveCfg = Debug|Win32
		{1803644B-83F5-4DBC-A140-29EA44B92D6A}.Debug|Win32.Build.0 = Debug|Win32
		{1803644B-83F5-4DBC-A140-29EA44B92D6A}.Debug|x64.ActiveCfg = Debug|x64
		{1803644B-83F5-4DBC-A140-29EA44B92D6A}.Debug|x64.Build.0 = Debug|x64
		{1803644B-83F5-4DBC-A140-29EA44B92D6A}.Release|Win32.ActiveCfg = Release|Win32
		{1803644B-83F5-4DBC-A140-29EA44B92D6A}.Release|Win32.Build.0 = Release|Win32
		{1803644B-83F5-4DBC-A140-29EA44B92D6A}.Release|x64.ActiveCfg = Release|x64
		{1803644B-83F5-4DBC-A140-29EA44B92D6A}.Release|x64.Build.0 = Release|x64
		{4D7C9A81-2E6E-4AFC-8A41-B0DB7CDC2A93}.Debug|Win32.ActiveCfg = Debug|Win32
		{4D7C9A81-2E6E-4AFC-8A41-B0DB7CDC2A93}.Debug|Win32.Build.0 = Debug|Win32
		{4D7C9A81-2E6E-4AFC-8A41-B0DB7CDC2A93}.Debug|x64.ActiveCfg = Debug|x64
		{4D7C9A81-2E6E-4AFC-8A41-B0DB7CDC2A93}.Debug|x64.Build.0 = Debug|x64
		{4D7C9A81-2E6E-4AFC-8A41-B0DB7CDC2A93}.Release|Win32.ActiveCfg = Release|Win32
		{4D7C9A81-2E6E-4AFC-8A41-B0DB7CDC2A93}.Release|Win32.Build.0 = Release|Win32
		{4D7C9A81-2E6E-4AFC-8A41-B0DB7CDC2A93}.Release|x64.ActiveCfg = Release|x64
		{4D7C9A81-2E6E-4AFC-8A41-B0DB7CDC2A93}.Release|x64.Build.0 = Release|x64
		{7836E55F-584B-404D-9748-3FC99609EB5B}.Debug|Win32.ActiveCfg = Debug|Win32
		{7836E55F-584B-404D-9748-3FC99609EB5B}.Debug|Win32.Build.0 = Debug|Win32
		{7836E55F-584B-404D-9748-3FC99609EB5B}.Debug|x64.ActiveCfg = Debug|x64
		{7836E55F-584B-404D-9748-3FC99609EB5B}.Debug|x64.Build.0 = Debug|x64
		{7836E55F-584B-404D-9748-3FC99609EB5B}.Release|Win32.ActiveCfg = Release|Win32
		{7836E55F-584B-404D-9748-3FC99609EB5B}.Release|Win32.Build.0 = Release|Win32
		{7836E55F-584B-404D-9748-3FC99609EB5B}.Release|x64.ActiveCfg = Release|x64
		{7836E55F-584B-404D-9748-3FC99609EB5B}.Release|x64.Build.0 = Release|x64
		{5E0D9CAF-92A7-4DB8-BDEA-75B312C64AB7}.Debug|Win32.ActiveCfg = Debug|Win32
		{5E0D9CAF-92A7-4DB8-BDEA-75B312C64AB7}.Debug|Win32.Build.0 = Debug|Win32
		{5E0D9CAF-92A7-4DB8-BDEA-75B312C64AB7}.Debug|x64.ActiveCfg = Debug|x64
		{5E0D9CAF-92A7-4DB8-BDEA-75B312C64AB7}.Debug|x64.Build.0 = Debug|x64
		{5E0D9CAF-92A7-4DB8-BDEA-75B312C64AB7}.Release|Win32.ActiveCfg = Release|Win32
		{5E0D9CAF-92A7-4DB8-BDEA-75B312C64AB7}.Release|Win32.Build.0 = Release|Win32
		{5E0D9CAF-92A7-4DB8-BDEA-75B312C64AB7}.Release|x64.ActiveCfg = Release|x64
		{5E0D9CAF-92A7-4DB8-BDEA-75B312C64AB7}.Release|x64.Build.0 = Release|x64
		{1721770C-82F2-472F-8E55-E338A8A74C45}.Debug|Win32.ActiveCfg = Debug|Win32
		{1721770C-82F2-472F-8E55-E338A8A74C45}.Debug|Win32.Build.0 = Debug|Win32
		{1721770C-82F2-472F-8E55-E338A8A74C45}.Debug|x64.ActiveCfg = Debug|x64
		{1721770C-82F2-472F-8E55-E338A8A74C45}.Debug|x64.Build.0 = Debug|x64
		{1721770C-82F2-472F-8E55-E338A8A74C45}.Release|Win32.ActiveCfg = Release|Win32
		{1721770C-82F2-472F-8E55-E338A8A74C45}.Release|Win32.Build.0 = Release|Win32
		{1721770C-82F2-472F-8E55-E338A8A74C45}.Release|x64.ActiveCfg = Release|x64
		{1721770C-82F2-472F-8E55-E338A8A74C45}.Release|x64.Build.0 = Release|x64
		{3EDBF8E3-D0E5-405C-848E-5DB48227FF52}.Debug|Win32.ActiveCfg = Debug|Win32
		{3EDBF8E3-D0E5-405C-848E-5DB48227FF52}.Debug|Win32.Build.0 = Debug|Win32
		{3EDBF8E3-D0E5-405C-848E-5DB48227FF52}.Debug|x64.ActiveCfg = Debug|x64
		{3EDBF8E3-D0E5-405C-848E-5DB48227FF52}.Debug|x64.Build.0 = Debug|x64
		{3EDBF8E3-D0E5-405C-848E-5DB48227FF52}.Release|Win32.ActiveCfg = Release|Win32
		{3EDBF8E3-D0E5-405C-848E-5DB48227FF52}.Release|Win32.Build.0 = Release|Win32
		{3EDBF8E3-D0E5-405C-848E-5DB48227FF52}.Release|x64.ActiveCfg = Release|x64
		{3EDBF8E3-D0E5-405C-848E-5DB48227FF52}.Release|x64.Build.0 = Release|x64
	EndGlobalSection
	GlobalSection(SolutionProperties) = preSolution
		HideSolutionNode = FALSE
	EndGlobalSection
	GlobalSection(NestedProjects) = preSolution
		{48210AB9-DE7D-47AB-BCD8-766938E5B775} = {CC025A0D-F1D1-4E9D-B77D-4E0C055CA612}
		{49F9AEDE-0564-4C02-BC12-C50C03953D3E} = {CC025A0D-F1D1-4E9D-B77D-4E0C055CA612}
		{6A730DDF-C7DC-462E-831B-08E2EA3D07D3} = {CC025A0D-F1D1-4E9D-B77D-4E0C055CA612}
	EndGlobalSection
	GlobalSection(ExtensibilityGlobals) = postSolution
		SolutionGuid = {5E65A5D6-9D7A-4B4D-9BC6-8BD7C8C256A2}
	EndGlobalSection
EndGlobal
